# This file is automatically @generated by Cargo.
# It is not intended for manual editing.
version = 3

[[package]]
name = "aho-corasick"
version = "0.7.20"
source = "registry+https://github.com/rust-lang/crates.io-index"
checksum = "cc936419f96fa211c1b9166887b38e5e40b19958e5b895be7c1f93adec7071ac"
dependencies = [
 "memchr",
]

[[package]]
name = "ascii"
version = "1.1.0"
source = "registry+https://github.com/rust-lang/crates.io-index"
checksum = "d92bec98840b8f03a5ff5413de5293bfcd8bf96467cf5452609f939ec6f5de16"

[[package]]
name = "async-trait"
version = "0.1.58"
source = "registry+https://github.com/rust-lang/crates.io-index"
checksum = "1e805d94e6b5001b651426cf4cd446b1ab5f319d27bab5c644f61de0a804360c"
dependencies = [
 "proc-macro2",
 "quote",
 "syn",
]

[[package]]
name = "atty"
version = "0.2.14"
source = "registry+https://github.com/rust-lang/crates.io-index"
checksum = "d9b39be18770d11421cdb1b9947a45dd3f37e93092cbf377614828a319d5fee8"
dependencies = [
 "hermit-abi",
 "libc",
 "winapi",
]

[[package]]
name = "autocfg"
version = "1.1.0"
source = "registry+https://github.com/rust-lang/crates.io-index"
checksum = "d468802bab17cbc0cc575e9b053f41e72aa36bfa6b7f55e3529ffa43161b97fa"

[[package]]
name = "base58"
version = "0.2.0"
source = "registry+https://github.com/rust-lang/crates.io-index"
checksum = "6107fe1be6682a68940da878d9e9f5e90ca5745b3dec9fd1bb393c8777d4f581"

[[package]]
name = "bech32"
version = "0.8.1"
source = "registry+https://github.com/rust-lang/crates.io-index"
checksum = "cf9ff0bbfd639f15c74af777d81383cf53efb7c93613f6cab67c6c11e05bbf8b"

[[package]]
name = "bech32"
version = "0.9.1"
source = "registry+https://github.com/rust-lang/crates.io-index"
checksum = "d86b93f97252c47b41663388e6d155714a9d0c398b99f1005cbc5f978b29f445"

[[package]]
name = "bindgen"
version = "0.60.1"
source = "registry+https://github.com/rust-lang/crates.io-index"
checksum = "062dddbc1ba4aca46de6338e2bf87771414c335f7b2f2036e8f3e9befebf88e6"
dependencies = [
 "bitflags",
 "cexpr",
 "clang-sys",
 "lazy_static",
 "lazycell",
 "peeking_take_while",
 "proc-macro2",
 "quote",
 "regex",
 "rustc-hash",
 "shlex",
]

[[package]]
name = "bitflags"
version = "1.3.2"
source = "registry+https://github.com/rust-lang/crates.io-index"
checksum = "bef38d45163c2f1dde094a7dfd33ccf595c92905c8f8f4fdc18d06fb1037718a"

[[package]]
name = "byteorder"
version = "1.4.3"
source = "registry+https://github.com/rust-lang/crates.io-index"
checksum = "14c189c53d098945499cdfa7ecc63567cf3886b3332b312a5b4585d8d3a6a610"

[[package]]
name = "bzip2-sys"
version = "0.1.11+1.0.8"
source = "registry+https://github.com/rust-lang/crates.io-index"
checksum = "736a955f3fa7875102d57c82b8cac37ec45224a07fd32d58f9f7a186b6cd4cdc"
dependencies = [
 "cc",
 "libc",
 "pkg-config",
]

[[package]]
name = "cc"
version = "1.0.77"
source = "registry+https://github.com/rust-lang/crates.io-index"
checksum = "e9f73505338f7d905b19d18738976aae232eb46b8efc15554ffc56deb5d9ebe4"
dependencies = [
 "jobserver",
]

[[package]]
name = "cexpr"
version = "0.6.0"
source = "registry+https://github.com/rust-lang/crates.io-index"
checksum = "6fac387a98bb7c37292057cffc56d62ecb629900026402633ae9160df93a8766"
dependencies = [
 "nom",
]

[[package]]
name = "cfg-if"
version = "0.1.10"
source = "registry+https://github.com/rust-lang/crates.io-index"
checksum = "4785bdd1c96b2a846b2bd7cc02e86b6b3dbf14e7e53446c4f54c92a361040822"

[[package]]
name = "cfg-if"
version = "1.0.0"
source = "registry+https://github.com/rust-lang/crates.io-index"
checksum = "baf1de4339761588bc0619e3cbc0120ee582ebb74b53b4efbf79117bd2da40fd"

[[package]]
name = "chunked_transfer"
version = "1.4.0"
source = "registry+https://github.com/rust-lang/crates.io-index"
checksum = "fff857943da45f546682664a79488be82e69e43c1a7a2307679ab9afb3a66d2e"

[[package]]
name = "clang-sys"
version = "1.4.0"
source = "registry+https://github.com/rust-lang/crates.io-index"
checksum = "fa2e27ae6ab525c3d369ded447057bca5438d86dc3a68f6faafb8269ba82ebf3"
dependencies = [
 "glob",
 "libc",
 "libloading",
]

[[package]]
name = "clap"
version = "3.2.23"
source = "registry+https://github.com/rust-lang/crates.io-index"
checksum = "71655c45cb9845d3270c9d6df84ebe72b4dad3c2ba3f7023ad47c144e4e473a5"
dependencies = [
 "atty",
 "bitflags",
 "clap_derive",
 "clap_lex",
 "indexmap",
 "once_cell",
 "strsim",
 "termcolor",
 "textwrap",
]

[[package]]
name = "clap_derive"
version = "3.2.18"
source = "registry+https://github.com/rust-lang/crates.io-index"
checksum = "ea0c8bce528c4be4da13ea6fead8965e95b6073585a2f05204bd8f4119f82a65"
dependencies = [
 "heck",
 "proc-macro-error",
 "proc-macro2",
 "quote",
 "syn",
]

[[package]]
name = "clap_lex"
version = "0.2.4"
source = "registry+https://github.com/rust-lang/crates.io-index"
checksum = "2850f2f5a82cbf437dd5af4d49848fbdfc27c157c3d010345776f952765261c5"
dependencies = [
 "os_str_bytes",
]

[[package]]
name = "config"
version = "0.13.2"
source = "registry+https://github.com/rust-lang/crates.io-index"
checksum = "11f1667b8320afa80d69d8bbe40830df2c8a06003d86f73d8e003b2c48df416d"
dependencies = [
 "async-trait",
 "lazy_static",
 "nom",
 "pathdiff",
 "serde",
 "serde_json",
 "toml",
]

[[package]]
name = "crossbeam"
version = "0.8.2"
source = "registry+https://github.com/rust-lang/crates.io-index"
checksum = "2801af0d36612ae591caa9568261fddce32ce6e08a7275ea334a06a4ad021a2c"
dependencies = [
 "cfg-if 1.0.0",
 "crossbeam-channel",
 "crossbeam-deque",
 "crossbeam-epoch",
 "crossbeam-queue",
 "crossbeam-utils",
]

[[package]]
name = "crossbeam-channel"
version = "0.5.6"
source = "registry+https://github.com/rust-lang/crates.io-index"
checksum = "c2dd04ddaf88237dc3b8d8f9a3c1004b506b54b3313403944054d23c0870c521"
dependencies = [
 "cfg-if 1.0.0",
 "crossbeam-utils",
]

[[package]]
name = "crossbeam-deque"
version = "0.8.2"
source = "registry+https://github.com/rust-lang/crates.io-index"
checksum = "715e8152b692bba2d374b53d4875445368fdf21a94751410af607a5ac677d1fc"
dependencies = [
 "cfg-if 1.0.0",
 "crossbeam-epoch",
 "crossbeam-utils",
]

[[package]]
name = "crossbeam-epoch"
version = "0.9.13"
source = "registry+https://github.com/rust-lang/crates.io-index"
checksum = "01a9af1f4c2ef74bb8aa1f7e19706bc72d03598c8a570bb5de72243c7a9d9d5a"
dependencies = [
 "autocfg",
 "cfg-if 1.0.0",
 "crossbeam-utils",
 "memoffset",
 "scopeguard",
]

[[package]]
name = "crossbeam-queue"
version = "0.3.8"
source = "registry+https://github.com/rust-lang/crates.io-index"
checksum = "d1cfb3ea8a53f37c40dea2c7bedcbd88bdfae54f5e2175d6ecaff1c988353add"
dependencies = [
 "cfg-if 1.0.0",
 "crossbeam-utils",
]

[[package]]
name = "crossbeam-utils"
version = "0.8.14"
source = "registry+https://github.com/rust-lang/crates.io-index"
checksum = "4fb766fa798726286dbbb842f174001dab8abc7b627a1dd86e0b7222a95d929f"
dependencies = [
 "cfg-if 1.0.0",
]

[[package]]
name = "cryptoxide"
version = "0.4.2"
source = "registry+https://github.com/rust-lang/crates.io-index"
checksum = "129eabb7b0b78644a3a7e7cf220714aba47463bb281f69fa7a71ca5d12564cca"

[[package]]
name = "dolos"
version = "0.1.0"
dependencies = [
 "bech32 0.8.1",
 "clap",
 "config",
 "env_logger",
 "gasket",
 "hex",
 "lazy_static",
 "log",
 "minicbor 0.14.2",
 "net2",
 "pallas",
 "prometheus_exporter",
 "rayon",
 "rocksdb",
 "serde",
 "serde_json",
 "thiserror",
]

[[package]]
name = "either"
version = "1.8.0"
source = "registry+https://github.com/rust-lang/crates.io-index"
checksum = "90e5c1c8368803113bf0c9584fc495a58b86dc8a29edbf8fe877d21d9507e797"

[[package]]
name = "env_logger"
version = "0.9.3"
source = "registry+https://github.com/rust-lang/crates.io-index"
checksum = "a12e6657c4c97ebab115a42dcee77225f7f482cdd841cf7088c657a42e9e00e7"
dependencies = [
 "atty",
 "humantime",
 "log",
 "regex",
 "termcolor",
]

[[package]]
name = "fnv"
version = "1.0.7"
source = "registry+https://github.com/rust-lang/crates.io-index"
checksum = "3f9eec918d3f24069decb9af1554cad7c880e2da24a9afd88aca000531ab82c1"

[[package]]
name = "form_urlencoded"
version = "1.1.0"
source = "registry+https://github.com/rust-lang/crates.io-index"
checksum = "a9c384f161156f5260c24a097c56119f9be8c798586aecc13afbcbe7b7e26bf8"
dependencies = [
 "percent-encoding",
]

[[package]]
name = "gasket"
version = "0.1.0"
source = "git+https://github.com/construkts/gasket-rs.git#c5ab98eb4060b0effa0911215b65c2dd19d3e002"
dependencies = [
 "crossbeam",
 "log",
 "thiserror",
]

[[package]]
name = "getrandom"
version = "0.2.8"
source = "registry+https://github.com/rust-lang/crates.io-index"
checksum = "c05aeb6a22b8f62540c194aac980f2115af067bfe15a0734d7277a768d396b31"
dependencies = [
 "cfg-if 1.0.0",
 "libc",
 "wasi",
]

[[package]]
name = "glob"
version = "0.3.0"
source = "registry+https://github.com/rust-lang/crates.io-index"
checksum = "9b919933a397b79c37e33b77bb2aa3dc8eb6e165ad809e58ff75bc7db2e34574"

[[package]]
name = "half"
version = "1.8.2"
source = "registry+https://github.com/rust-lang/crates.io-index"
checksum = "eabb4a44450da02c90444cf74558da904edde8fb4e9035a9a6a4e15445af0bd7"

[[package]]
name = "hashbrown"
version = "0.12.3"
source = "registry+https://github.com/rust-lang/crates.io-index"
checksum = "8a9ee70c43aaf417c914396645a0fa852624801b24ebb7ae78fe8272889ac888"

[[package]]
name = "heck"
version = "0.4.0"
source = "registry+https://github.com/rust-lang/crates.io-index"
checksum = "2540771e65fc8cb83cd6e8a237f70c319bd5c29f78ed1084ba5d50eeac86f7f9"

[[package]]
name = "hermit-abi"
version = "0.1.19"
source = "registry+https://github.com/rust-lang/crates.io-index"
checksum = "62b467343b94ba476dcb2500d242dadbb39557df889310ac77c5d99100aaac33"
dependencies = [
 "libc",
]

[[package]]
name = "hex"
version = "0.4.3"
source = "registry+https://github.com/rust-lang/crates.io-index"
checksum = "7f24254aa9a54b5c858eaee2f5bccdb46aaf0e486a595ed5fd8f86ba55232a70"

[[package]]
name = "humantime"
version = "2.1.0"
source = "registry+https://github.com/rust-lang/crates.io-index"
checksum = "9a3a5bfb195931eeb336b2a7b4d761daec841b97f947d34394601737a7bba5e4"

[[package]]
name = "idna"
version = "0.3.0"
source = "registry+https://github.com/rust-lang/crates.io-index"
checksum = "e14ddfc70884202db2244c223200c204c2bda1bc6e0998d11b5e024d657209e6"
dependencies = [
 "unicode-bidi",
 "unicode-normalization",
]

[[package]]
name = "indexmap"
version = "1.9.2"
source = "registry+https://github.com/rust-lang/crates.io-index"
checksum = "1885e79c1fc4b10f0e172c475f458b7f7b93061064d98c3293e98c5ba0c8b399"
dependencies = [
 "autocfg",
 "hashbrown",
]

[[package]]
name = "itertools"
version = "0.10.5"
source = "registry+https://github.com/rust-lang/crates.io-index"
checksum = "b0fd2260e829bddf4cb6ea802289de2f86d6a7a690192fbe91b3f46e0f2c8473"
dependencies = [
 "either",
]

[[package]]
name = "itoa"
version = "1.0.4"
source = "registry+https://github.com/rust-lang/crates.io-index"
checksum = "4217ad341ebadf8d8e724e264f13e593e0648f5b3e94b3896a5df283be015ecc"

[[package]]
name = "jobserver"
version = "0.1.25"
source = "registry+https://github.com/rust-lang/crates.io-index"
checksum = "068b1ee6743e4d11fb9c6a1e6064b3693a1b600e7f5f5988047d98b3dc9fb90b"
dependencies = [
 "libc",
]

[[package]]
name = "lazy_static"
version = "1.4.0"
source = "registry+https://github.com/rust-lang/crates.io-index"
checksum = "e2abad23fbc42b3700f2f279844dc832adb2b2eb069b2df918f455c4e18cc646"

[[package]]
name = "lazycell"
version = "1.3.0"
source = "registry+https://github.com/rust-lang/crates.io-index"
checksum = "830d08ce1d1d941e6b30645f1a0eb5643013d835ce3779a5fc208261dbe10f55"

[[package]]
name = "libc"
version = "0.2.137"
source = "registry+https://github.com/rust-lang/crates.io-index"
checksum = "fc7fcc620a3bff7cdd7a365be3376c97191aeaccc2a603e600951e452615bf89"

[[package]]
name = "libloading"
version = "0.7.4"
source = "registry+https://github.com/rust-lang/crates.io-index"
checksum = "b67380fd3b2fbe7527a606e18729d21c6f3951633d0500574c4dc22d2d638b9f"
dependencies = [
 "cfg-if 1.0.0",
 "winapi",
]

[[package]]
name = "librocksdb-sys"
version = "0.8.0+7.4.4"
source = "registry+https://github.com/rust-lang/crates.io-index"
checksum = "611804e4666a25136fcc5f8cf425ab4d26c7f74ea245ffe92ea23b85b6420b5d"
dependencies = [
 "bindgen",
 "bzip2-sys",
 "cc",
 "glob",
 "libc",
 "libz-sys",
 "zstd-sys",
]

[[package]]
name = "libz-sys"
version = "1.1.8"
source = "registry+https://github.com/rust-lang/crates.io-index"
checksum = "9702761c3935f8cc2f101793272e202c72b99da8f4224a19ddcf1279a6450bbf"
dependencies = [
 "cc",
 "pkg-config",
 "vcpkg",
]

[[package]]
name = "lock_api"
version = "0.4.9"
source = "registry+https://github.com/rust-lang/crates.io-index"
checksum = "435011366fe56583b16cf956f9df0095b405b82d76425bc8981c0e22e60ec4df"
dependencies = [
 "autocfg",
 "scopeguard",
]

[[package]]
name = "log"
version = "0.4.17"
source = "registry+https://github.com/rust-lang/crates.io-index"
checksum = "abb12e687cfb44aa40f41fc3978ef76448f9b6038cad6aef4259d3c095a2382e"
dependencies = [
 "cfg-if 1.0.0",
]

[[package]]
name = "memchr"
version = "2.5.0"
source = "registry+https://github.com/rust-lang/crates.io-index"
checksum = "2dffe52ecf27772e601905b7522cb4ef790d2cc203488bbd0e2fe85fcb74566d"

[[package]]
name = "memoffset"
version = "0.7.1"
source = "registry+https://github.com/rust-lang/crates.io-index"
checksum = "5de893c32cde5f383baa4c04c5d6dbdd735cfd4a794b0debdb2bb1b421da5ff4"
dependencies = [
 "autocfg",
]

[[package]]
name = "minicbor"
version = "0.14.2"
source = "registry+https://github.com/rust-lang/crates.io-index"
checksum = "5ef3a5eb0af5d357a7e44287d7ddd094f47de68cda7086c4917578f62e4294df"

[[package]]
name = "minicbor"
version = "0.18.0"
source = "registry+https://github.com/rust-lang/crates.io-index"
checksum = "2a20020e8e2d1881d8736f64011bb5ff99f1db9947ce3089706945c8915695cb"
dependencies = [
 "half",
 "minicbor-derive",
]

[[package]]
name = "minicbor-derive"
version = "0.12.0"
source = "registry+https://github.com/rust-lang/crates.io-index"
checksum = "8608fb1c805b5b6b3d5ab7bd95c40c396df622b64d77b2d621a5eae1eed050ee"
dependencies = [
 "proc-macro2",
 "quote",
 "syn",
]

[[package]]
name = "minimal-lexical"
version = "0.2.1"
source = "registry+https://github.com/rust-lang/crates.io-index"
checksum = "68354c5c6bd36d73ff3feceb05efa59b6acb7626617f4962be322a825e61f79a"

[[package]]
name = "net2"
version = "0.2.38"
source = "registry+https://github.com/rust-lang/crates.io-index"
checksum = "74d0df99cfcd2530b2e694f6e17e7f37b8e26bb23983ac530c0c97408837c631"
dependencies = [
 "cfg-if 0.1.10",
 "libc",
 "winapi",
]

[[package]]
name = "nom"
version = "7.1.1"
source = "registry+https://github.com/rust-lang/crates.io-index"
checksum = "a8903e5a29a317527874d0402f867152a3d21c908bb0b933e416c65e301d4c36"
dependencies = [
 "memchr",
 "minimal-lexical",
]

[[package]]
name = "num_cpus"
version = "1.14.0"
source = "registry+https://github.com/rust-lang/crates.io-index"
checksum = "f6058e64324c71e02bc2b150e4f3bc8286db6c83092132ffa3f6b1eab0f9def5"
dependencies = [
 "hermit-abi",
 "libc",
]

[[package]]
name = "once_cell"
version = "1.16.0"
source = "registry+https://github.com/rust-lang/crates.io-index"
checksum = "86f0b0d4bf799edbc74508c1e8bf170ff5f41238e5f8225603ca7caaae2b7860"

[[package]]
name = "os_str_bytes"
version = "6.4.1"
source = "registry+https://github.com/rust-lang/crates.io-index"
checksum = "9b7820b9daea5457c9f21c69448905d723fbd21136ccf521748f23fd49e723ee"

[[package]]
name = "pallas"
version = "0.15.0"
dependencies = [
 "pallas-addresses",
 "pallas-codec",
 "pallas-crypto",
 "pallas-miniprotocols",
 "pallas-multiplexer",
 "pallas-primitives",
 "pallas-traverse",
]

[[package]]
name = "pallas-addresses"
version = "0.15.0"
dependencies = [
 "base58",
 "bech32 0.9.1",
 "hex",
 "pallas-codec",
 "pallas-crypto",
 "thiserror",
]

[[package]]
name = "pallas-codec"
version = "0.15.0"
dependencies = [
 "hex",
 "minicbor 0.18.0",
 "serde",
]

[[package]]
name = "pallas-crypto"
version = "0.15.0"
dependencies = [
 "cryptoxide",
 "hex",
 "pallas-codec",
 "rand_core",
 "serde",
 "thiserror",
]

[[package]]
name = "pallas-miniprotocols"
version = "0.15.0"
dependencies = [
 "hex",
 "itertools",
 "log",
 "pallas-codec",
 "pallas-multiplexer",
 "thiserror",
]

[[package]]
name = "pallas-multiplexer"
version = "0.15.0"
dependencies = [
 "byteorder",
 "hex",
 "log",
 "pallas-codec",
 "rand",
 "thiserror",
]

[[package]]
name = "pallas-primitives"
version = "0.15.0"
dependencies = [
 "base58",
 "bech32 0.9.1",
 "hex",
 "log",
 "pallas-codec",
 "pallas-crypto",
 "serde",
 "serde_json",
]

[[package]]
name = "pallas-traverse"
version = "0.15.0"
dependencies = [
 "hex",
 "pallas-addresses",
 "pallas-codec",
 "pallas-crypto",
 "pallas-primitives",
 "thiserror",
]

[[package]]
name = "parking_lot"
version = "0.12.1"
source = "registry+https://github.com/rust-lang/crates.io-index"
checksum = "3742b2c103b9f06bc9fff0a37ff4912935851bee6d36f3c02bcc755bcfec228f"
dependencies = [
 "lock_api",
 "parking_lot_core",
]

[[package]]
name = "parking_lot_core"
version = "0.9.4"
source = "registry+https://github.com/rust-lang/crates.io-index"
checksum = "4dc9e0dc2adc1c69d09143aff38d3d30c5c3f0df0dad82e6d25547af174ebec0"
dependencies = [
 "cfg-if 1.0.0",
 "libc",
 "redox_syscall",
 "smallvec",
 "windows-sys",
]

[[package]]
name = "pathdiff"
version = "0.2.1"
source = "registry+https://github.com/rust-lang/crates.io-index"
checksum = "8835116a5c179084a830efb3adc117ab007512b535bc1a21c991d3b32a6b44dd"

[[package]]
name = "peeking_take_while"
version = "0.1.2"
source = "registry+https://github.com/rust-lang/crates.io-index"
checksum = "19b17cddbe7ec3f8bc800887bab5e717348c95ea2ca0b1bf0837fb964dc67099"

[[package]]
name = "percent-encoding"
version = "2.2.0"
source = "registry+https://github.com/rust-lang/crates.io-index"
checksum = "478c572c3d73181ff3c2539045f6eb99e5491218eae919370993b890cdbdd98e"

[[package]]
name = "pkg-config"
version = "0.3.26"
source = "registry+https://github.com/rust-lang/crates.io-index"
checksum = "6ac9a59f73473f1b8d852421e59e64809f025994837ef743615c6d0c5b305160"

[[package]]
name = "ppv-lite86"
version = "0.2.17"
source = "registry+https://github.com/rust-lang/crates.io-index"
checksum = "5b40af805b3121feab8a3c29f04d8ad262fa8e0561883e7653e024ae4479e6de"

[[package]]
name = "proc-macro-error"
version = "1.0.4"
source = "registry+https://github.com/rust-lang/crates.io-index"
checksum = "da25490ff9892aab3fcf7c36f08cfb902dd3e71ca0f9f9517bea02a73a5ce38c"
dependencies = [
 "proc-macro-error-attr",
 "proc-macro2",
 "quote",
 "syn",
 "version_check",
]

[[package]]
name = "proc-macro-error-attr"
version = "1.0.4"
source = "registry+https://github.com/rust-lang/crates.io-index"
checksum = "a1be40180e52ecc98ad80b184934baf3d0d29f979574e439af5a55274b35f869"
dependencies = [
 "proc-macro2",
 "quote",
 "version_check",
]

[[package]]
name = "proc-macro2"
version = "1.0.47"
source = "registry+https://github.com/rust-lang/crates.io-index"
checksum = "5ea3d908b0e36316caf9e9e2c4625cdde190a7e6f440d794667ed17a1855e725"
dependencies = [
 "unicode-ident",
]

[[package]]
name = "prometheus"
version = "0.13.3"
source = "registry+https://github.com/rust-lang/crates.io-index"
checksum = "449811d15fbdf5ceb5c1144416066429cf82316e2ec8ce0c1f6f8a02e7bbcf8c"
dependencies = [
 "cfg-if 1.0.0",
 "fnv",
 "lazy_static",
 "memchr",
 "parking_lot",
 "thiserror",
]

[[package]]
name = "prometheus_exporter"
version = "0.8.5"
source = "registry+https://github.com/rust-lang/crates.io-index"
checksum = "caf17cbebe0bfdf4f279ef84eeefe0d50468b0b7116f078acf41d456e48fe81a"
dependencies = [
 "ascii",
 "prometheus",
 "thiserror",
 "tiny_http",
]

[[package]]
name = "quote"
version = "1.0.21"
source = "registry+https://github.com/rust-lang/crates.io-index"
checksum = "bbe448f377a7d6961e30f5955f9b8d106c3f5e449d493ee1b125c1d43c2b5179"
dependencies = [
 "proc-macro2",
]

[[package]]
name = "rand"
version = "0.8.5"
source = "registry+https://github.com/rust-lang/crates.io-index"
checksum = "34af8d1a0e25924bc5b7c43c079c942339d8f0a8b57c39049bef581b46327404"
dependencies = [
 "libc",
 "rand_chacha",
 "rand_core",
]

[[package]]
name = "rand_chacha"
version = "0.3.1"
source = "registry+https://github.com/rust-lang/crates.io-index"
checksum = "e6c10a63a0fa32252be49d21e7709d4d4baf8d231c2dbce1eaa8141b9b127d88"
dependencies = [
 "ppv-lite86",
 "rand_core",
]

[[package]]
name = "rand_core"
version = "0.6.4"
source = "registry+https://github.com/rust-lang/crates.io-index"
checksum = "ec0be4795e2f6a28069bec0b5ff3e2ac9bafc99e6a9a7dc3547996c5c816922c"
dependencies = [
 "getrandom",
]

[[package]]
name = "rayon"
version = "1.6.0"
source = "registry+https://github.com/rust-lang/crates.io-index"
checksum = "1e060280438193c554f654141c9ea9417886713b7acd75974c85b18a69a88e0b"
dependencies = [
 "crossbeam-deque",
 "either",
 "rayon-core",
]

[[package]]
name = "rayon-core"
version = "1.10.1"
source = "registry+https://github.com/rust-lang/crates.io-index"
checksum = "cac410af5d00ab6884528b4ab69d1e8e146e8d471201800fa1b4524126de6ad3"
dependencies = [
 "crossbeam-channel",
 "crossbeam-deque",
 "crossbeam-utils",
 "num_cpus",
]

[[package]]
name = "redox_syscall"
version = "0.2.16"
source = "registry+https://github.com/rust-lang/crates.io-index"
checksum = "fb5a58c1855b4b6819d59012155603f0b22ad30cad752600aadfcb695265519a"
dependencies = [
 "bitflags",
]

[[package]]
name = "regex"
version = "1.7.0"
source = "registry+https://github.com/rust-lang/crates.io-index"
checksum = "e076559ef8e241f2ae3479e36f97bd5741c0330689e217ad51ce2c76808b868a"
dependencies = [
 "aho-corasick",
 "memchr",
 "regex-syntax",
]

[[package]]
name = "regex-syntax"
version = "0.6.28"
source = "registry+https://github.com/rust-lang/crates.io-index"
checksum = "456c603be3e8d448b072f410900c09faf164fbce2d480456f50eea6e25f9c848"

[[package]]
name = "rocksdb"
version = "0.19.0"
source = "registry+https://github.com/rust-lang/crates.io-index"
checksum = "7e9562ea1d70c0cc63a34a22d977753b50cca91cc6b6527750463bd5dd8697bc"
dependencies = [
 "libc",
 "librocksdb-sys",
]

[[package]]
name = "rustc-hash"
version = "1.1.0"
source = "registry+https://github.com/rust-lang/crates.io-index"
checksum = "08d43f7aa6b08d49f382cde6a7982047c3426db949b1424bc4b7ec9ae12c6ce2"

[[package]]
name = "ryu"
version = "1.0.11"
source = "registry+https://github.com/rust-lang/crates.io-index"
checksum = "4501abdff3ae82a1c1b477a17252eb69cee9e66eb915c1abaa4f44d873df9f09"

[[package]]
name = "scopeguard"
version = "1.1.0"
source = "registry+https://github.com/rust-lang/crates.io-index"
checksum = "d29ab0c6d3fc0ee92fe66e2d99f700eab17a8d57d1c1d3b748380fb20baa78cd"

[[package]]
name = "serde"
version = "1.0.147"
source = "registry+https://github.com/rust-lang/crates.io-index"
checksum = "d193d69bae983fc11a79df82342761dfbf28a99fc8d203dca4c3c1b590948965"
dependencies = [
 "serde_derive",
]

[[package]]
name = "serde_derive"
version = "1.0.147"
source = "registry+https://github.com/rust-lang/crates.io-index"
checksum = "4f1d362ca8fc9c3e3a7484440752472d68a6caa98f1ab81d99b5dfe517cec852"
dependencies = [
 "proc-macro2",
 "quote",
 "syn",
]

[[package]]
name = "serde_json"
version = "1.0.89"
source = "registry+https://github.com/rust-lang/crates.io-index"
checksum = "020ff22c755c2ed3f8cf162dbb41a7268d934702f3ed3631656ea597e08fc3db"
dependencies = [
 "itoa",
 "ryu",
 "serde",
]

[[package]]
name = "shlex"
version = "1.1.0"
source = "registry+https://github.com/rust-lang/crates.io-index"
checksum = "43b2853a4d09f215c24cc5489c992ce46052d359b5109343cbafbf26bc62f8a3"

[[package]]
name = "smallvec"
version = "1.10.0"
source = "registry+https://github.com/rust-lang/crates.io-index"
checksum = "a507befe795404456341dfab10cef66ead4c041f62b8b11bbb92bffe5d0953e0"

[[package]]
name = "strsim"
version = "0.10.0"
source = "registry+https://github.com/rust-lang/crates.io-index"
checksum = "73473c0e59e6d5812c5dfe2a064a6444949f089e20eec9a2e5506596494e4623"

[[package]]
name = "syn"
version = "1.0.103"
source = "registry+https://github.com/rust-lang/crates.io-index"
checksum = "a864042229133ada95abf3b54fdc62ef5ccabe9515b64717bcb9a1919e59445d"
dependencies = [
 "proc-macro2",
 "quote",
 "unicode-ident",
]

[[package]]
name = "termcolor"
version = "1.1.3"
source = "registry+https://github.com/rust-lang/crates.io-index"
checksum = "bab24d30b911b2376f3a13cc2cd443142f0c81dda04c118693e35b3835757755"
dependencies = [
 "winapi-util",
]

[[package]]
name = "textwrap"
version = "0.16.0"
source = "registry+https://github.com/rust-lang/crates.io-index"
checksum = "222a222a5bfe1bba4a77b45ec488a741b3cb8872e5e499451fd7d0129c9c7c3d"

[[package]]
name = "thiserror"
version = "1.0.37"
source = "registry+https://github.com/rust-lang/crates.io-index"
checksum = "10deb33631e3c9018b9baf9dcbbc4f737320d2b576bac10f6aefa048fa407e3e"
dependencies = [
 "thiserror-impl",
]

[[package]]
name = "thiserror-impl"
version = "1.0.37"
source = "registry+https://github.com/rust-lang/crates.io-index"
checksum = "982d17546b47146b28f7c22e3d08465f6b8903d0ea13c1660d9d84a6e7adcdbb"
dependencies = [
 "proc-macro2",
 "quote",
 "syn",
]

[[package]]
name = "time"
version = "0.3.17"
source = "registry+https://github.com/rust-lang/crates.io-index"
checksum = "a561bf4617eebd33bca6434b988f39ed798e527f51a1e797d0ee4f61c0a38376"
dependencies = [
 "itoa",
 "serde",
 "time-core",
 "time-macros",
]

[[package]]
name = "time-core"
version = "0.1.0"
source = "registry+https://github.com/rust-lang/crates.io-index"
checksum = "2e153e1f1acaef8acc537e68b44906d2db6436e2b35ac2c6b42640fff91f00fd"

[[package]]
name = "time-macros"
version = "0.2.6"
source = "registry+https://github.com/rust-lang/crates.io-index"
checksum = "d967f99f534ca7e495c575c62638eebc2898a8c84c119b89e250477bc4ba16b2"
dependencies = [
 "time-core",
]

[[package]]
name = "tiny_http"
version = "0.10.0"
source = "registry+https://github.com/rust-lang/crates.io-index"
checksum = "c5f8734c6d6943ad6df6b588d228a87b4af184998bcffa268ceddf05c2055a8c"
dependencies = [
 "ascii",
 "chunked_transfer",
 "log",
 "time",
 "url",
]

[[package]]
name = "tinyvec"
version = "1.6.0"
source = "registry+https://github.com/rust-lang/crates.io-index"
checksum = "87cc5ceb3875bb20c2890005a4e226a4651264a5c75edb2421b52861a0a0cb50"
dependencies = [
 "tinyvec_macros",
]

[[package]]
name = "tinyvec_macros"
version = "0.1.0"
source = "registry+https://github.com/rust-lang/crates.io-index"
checksum = "cda74da7e1a664f795bb1f8a87ec406fb89a02522cf6e50620d016add6dbbf5c"

[[package]]
name = "toml"
version = "0.5.9"
source = "registry+https://github.com/rust-lang/crates.io-index"
checksum = "8d82e1a7758622a465f8cee077614c73484dac5b836c02ff6a40d5d1010324d7"
dependencies = [
 "serde",
]

[[package]]
name = "unicode-bidi"
version = "0.3.8"
source = "registry+https://github.com/rust-lang/crates.io-index"
checksum = "099b7128301d285f79ddd55b9a83d5e6b9e97c92e0ea0daebee7263e932de992"

[[package]]
name = "unicode-ident"
version = "1.0.5"
source = "registry+https://github.com/rust-lang/crates.io-index"
checksum = "6ceab39d59e4c9499d4e5a8ee0e2735b891bb7308ac83dfb4e80cad195c9f6f3"

[[package]]
name = "unicode-normalization"
version = "0.1.22"
source = "registry+https://github.com/rust-lang/crates.io-index"
checksum = "5c5713f0fc4b5db668a2ac63cdb7bb4469d8c9fed047b1d0292cc7b0ce2ba921"
dependencies = [
 "tinyvec",
]

[[package]]
name = "url"
version = "2.3.1"
source = "registry+https://github.com/rust-lang/crates.io-index"
checksum = "0d68c799ae75762b8c3fe375feb6600ef5602c883c5d21eb51c09f22b83c4643"
dependencies = [
 "form_urlencoded",
 "idna",
 "percent-encoding",
]

[[package]]
name = "vcpkg"
version = "0.2.15"
source = "registry+https://github.com/rust-lang/crates.io-index"
checksum = "accd4ea62f7bb7a82fe23066fb0957d48ef677f6eeb8215f372f52e48bb32426"

[[package]]
name = "version_check"
version = "0.9.4"
source = "registry+https://github.com/rust-lang/crates.io-index"
checksum = "49874b5167b65d7193b8aba1567f5c7d93d001cafc34600cee003eda787e483f"

[[package]]
name = "wasi"
version = "0.11.0+wasi-snapshot-preview1"
source = "registry+https://github.com/rust-lang/crates.io-index"
checksum = "9c8d87e72b64a3b4db28d11ce29237c246188f4f51057d65a7eab63b7987e423"

[[package]]
name = "winapi"
version = "0.3.9"
source = "registry+https://github.com/rust-lang/crates.io-index"
checksum = "5c839a674fcd7a98952e593242ea400abe93992746761e38641405d28b00f419"
dependencies = [
 "winapi-i686-pc-windows-gnu",
 "winapi-x86_64-pc-windows-gnu",
]

[[package]]
name = "winapi-i686-pc-windows-gnu"
version = "0.4.0"
source = "registry+https://github.com/rust-lang/crates.io-index"
checksum = "ac3b87c63620426dd9b991e5ce0329eff545bccbbb34f3be09ff6fb6ab51b7b6"

[[package]]
name = "winapi-util"
version = "0.1.5"
source = "registry+https://github.com/rust-lang/crates.io-index"
checksum = "70ec6ce85bb158151cae5e5c87f95a8e97d2c0c4b001223f33a334e3ce5de178"
dependencies = [
 "winapi",
]

[[package]]
name = "winapi-x86_64-pc-windows-gnu"
version = "0.4.0"
source = "registry+https://github.com/rust-lang/crates.io-index"
checksum = "712e227841d057c1ee1cd2fb22fa7e5a5461ae8e48fa2ca79ec42cfc1931183f"

[[package]]
name = "windows-sys"
version = "0.42.0"
source = "registry+https://github.com/rust-lang/crates.io-index"
checksum = "5a3e1820f08b8513f676f7ab6c1f99ff312fb97b553d30ff4dd86f9f15728aa7"
dependencies = [
 "windows_aarch64_gnullvm",
 "windows_aarch64_msvc",
 "windows_i686_gnu",
 "windows_i686_msvc",
 "windows_x86_64_gnu",
 "windows_x86_64_gnullvm",
 "windows_x86_64_msvc",
]

[[package]]
name = "windows_aarch64_gnullvm"
version = "0.42.0"
source = "registry+https://github.com/rust-lang/crates.io-index"
checksum = "41d2aa71f6f0cbe00ae5167d90ef3cfe66527d6f613ca78ac8024c3ccab9a19e"

[[package]]
name = "windows_aarch64_msvc"
version = "0.42.0"
source = "registry+https://github.com/rust-lang/crates.io-index"
checksum = "dd0f252f5a35cac83d6311b2e795981f5ee6e67eb1f9a7f64eb4500fbc4dcdb4"

[[package]]
name = "windows_i686_gnu"
version = "0.42.0"
source = "registry+https://github.com/rust-lang/crates.io-index"
checksum = "fbeae19f6716841636c28d695375df17562ca208b2b7d0dc47635a50ae6c5de7"

[[package]]
name = "windows_i686_msvc"
version = "0.42.0"
source = "registry+https://github.com/rust-lang/crates.io-index"
checksum = "84c12f65daa39dd2babe6e442988fc329d6243fdce47d7d2d155b8d874862246"

[[package]]
name = "windows_x86_64_gnu"
version = "0.42.0"
source = "registry+https://github.com/rust-lang/crates.io-index"
checksum = "bf7b1b21b5362cbc318f686150e5bcea75ecedc74dd157d874d754a2ca44b0ed"

[[package]]
name = "windows_x86_64_gnullvm"
version = "0.42.0"
source = "registry+https://github.com/rust-lang/crates.io-index"
checksum = "09d525d2ba30eeb3297665bd434a54297e4170c7f1a44cad4ef58095b4cd2028"

[[package]]
name = "windows_x86_64_msvc"
version = "0.42.0"
source = "registry+https://github.com/rust-lang/crates.io-index"
checksum = "f40009d85759725a34da6d89a94e63d7bdc50a862acf0dbc7c8e488f1edcb6f5"

[[package]]
name = "zstd-sys"
version = "2.0.2+zstd.1.5.2"
source = "registry+https://github.com/rust-lang/crates.io-index"
checksum = "24faa29d97c8ddca9b37b680e3bd2d5439d864a9cac3a0640d086b71c908bb83"
dependencies = [
 "cc",
 "libc",
]
